{
  "version": "2",
  "remote": {
    "https://deno.land/std@0.120.0/async/deadline.ts": "1d6ac7aeaee22f75eb86e4e105d6161118aad7b41ae2dd14f4cfd3bf97472b93",
    "https://deno.land/std@0.120.0/async/debounce.ts": "b2f693e4baa16b62793fd618de6c003b63228db50ecfe3bd51fc5f6dc0bc264b",
    "https://deno.land/std@0.120.0/async/deferred.ts": "ab60d46ba561abb3b13c0c8085d05797a384b9f182935f051dc67136817acdee",
    "https://deno.land/std@0.120.0/async/delay.ts": "f2d8ccaa8ebc26594bd8b0989edfd8a96257a714c1dee2fb54d986e5bdd840ac",
    "https://deno.land/std@0.120.0/async/mod.ts": "78425176fabea7bd1046ce3819fd69ce40da85c83e0f174d17e8e224a91f7d10",
    "https://deno.land/std@0.120.0/async/mux_async_iterator.ts": "62abff3af9ff619e8f2adc96fc70d4ca020fa48a50c23c13f12d02ed2b760dbe",
    "https://deno.land/std@0.120.0/async/pool.ts": "353ce4f91865da203a097aa6f33de8966340c91b6f4a055611c8c5d534afd12f",
    "https://deno.land/std@0.120.0/async/tee.ts": "3e9f2ef6b36e55188de16a667c702ace4ad0cf84e3720379160e062bf27348ad",
    "https://deno.land/std@0.120.0/fmt/colors.ts": "8368ddf2d48dfe413ffd04cdbb7ae6a1009cf0dccc9c7ff1d76259d9c61a0621",
    "https://deno.land/std@0.120.0/http/http_status.ts": "2ff185827bff21c7be2807fcb09a6a2166464ba57fcd94afe805abab8e09070a",
    "https://deno.land/std@0.128.0/_util/assert.ts": "e94f2eb37cebd7f199952e242c77654e43333c1ac4c5c700e929ea3aa5489f74",
    "https://deno.land/std@0.128.0/_util/os.ts": "49b92edea1e82ba295ec946de8ffd956ed123e2948d9bd1d3e901b04e4307617",
    "https://deno.land/std@0.128.0/path/_constants.ts": "df1db3ffa6dd6d1252cc9617e5d72165cd2483df90e93833e13580687b6083c3",
    "https://deno.land/std@0.128.0/path/_interface.ts": "ee3b431a336b80cf445441109d089b70d87d5e248f4f90ff906820889ecf8d09",
    "https://deno.land/std@0.128.0/path/_util.ts": "c1e9686d0164e29f7d880b2158971d805b6e0efc3110d0b3e24e4b8af2190d2b",
    "https://deno.land/std@0.128.0/path/common.ts": "bee563630abd2d97f99d83c96c2fa0cca7cee103e8cb4e7699ec4d5db7bd2633",
    "https://deno.land/std@0.128.0/path/glob.ts": "cb5255638de1048973c3e69e420c77dc04f75755524cb3b2e160fe9277d939ee",
    "https://deno.land/std@0.128.0/path/mod.ts": "4275129bb766f0e475ecc5246aa35689eeade419d72a48355203f31802640be7",
    "https://deno.land/std@0.128.0/path/posix.ts": "663e4a6fe30a145f56aa41a22d95114c4c5582d8b57d2d7c9ed27ad2c47636bb",
    "https://deno.land/std@0.128.0/path/separator.ts": "fe1816cb765a8068afb3e8f13ad272351c85cbc739af56dacfc7d93d710fe0f9",
    "https://deno.land/std@0.128.0/path/win32.ts": "e7bdf63e8d9982b4d8a01ef5689425c93310ece950e517476e22af10f41a136e",
    "https://deno.land/std@0.152.0/_util/assert.ts": "e94f2eb37cebd7f199952e242c77654e43333c1ac4c5c700e929ea3aa5489f74",
    "https://deno.land/std@0.152.0/_util/os.ts": "3b4c6e27febd119d36a416d7a97bd3b0251b77c88942c8f16ee5953ea13e2e49",
    "https://deno.land/std@0.152.0/async/deferred.ts": "bc18e28108252c9f67dfca2bbc4587c3cbf3aeb6e155f8c864ca8ecff992b98a",
    "https://deno.land/std@0.152.0/bytes/bytes_list.ts": "aba5e2369e77d426b10af1de0dcc4531acecec27f9b9056f4f7bfbf8ac147ab4",
    "https://deno.land/std@0.152.0/bytes/equals.ts": "3c3558c3ae85526f84510aa2b48ab2ad7bdd899e2e0f5b7a8ffc85acb3a6043a",
    "https://deno.land/std@0.152.0/bytes/mod.ts": "763f97d33051cc3f28af1a688dfe2830841192a9fea0cbaa55f927b49d49d0bf",
    "https://deno.land/std@0.152.0/crypto/timing_safe_equal.ts": "82a29b737bc8932d75d7a20c404136089d5d23629e94ba14efa98a8cc066c73e",
    "https://deno.land/std@0.152.0/encoding/base64.ts": "c57868ca7fa2fbe919f57f88a623ad34e3d970d675bdc1ff3a9d02bba7409db2",
    "https://deno.land/std@0.152.0/fmt/colors.ts": "6f9340b7fb8cc25a993a99e5efc56fe81bb5af284ff412129dd06df06f53c0b4",
    "https://deno.land/std@0.152.0/http/_negotiation/common.ts": "410e902f01cdd324e4746e8017595be4fc357d6fc4cd6044f2f808a943d7eaf7",
    "https://deno.land/std@0.152.0/http/_negotiation/encoding.ts": "f749c1d539d139af783e8a7741de5a47a98a5e3c9af82b8af512567ccf5fe632",
    "https://deno.land/std@0.152.0/http/_negotiation/language.ts": "53c306186904d2dace4c624a8822542866ad332a7f40ac90e0af1504f95c63d0",
    "https://deno.land/std@0.152.0/http/_negotiation/media_type.ts": "ecdda87286495f7ff25116858f5088856953e2f1585e593d314e0c71b826a137",
    "https://deno.land/std@0.152.0/http/http_errors.ts": "fe9b7f95f7ee0592c3306f8c7aed03ba53d55d1ef81e00041c1171b9588f46d9",
    "https://deno.land/std@0.152.0/http/http_status.ts": "897575a7d6bc2b9123f6a38ecbc0f03d95a532c5d92029315dc9f508e12526b8",
    "https://deno.land/std@0.152.0/http/negotiation.ts": "f35b1ff2ad4ff9feaa00ac234960b398172768205c8eceaef7f2eafe34716ba2",
    "https://deno.land/std@0.152.0/io/buffer.ts": "bd0c4bf53db4b4be916ca5963e454bddfd3fcd45039041ea161dbf826817822b",
    "https://deno.land/std@0.152.0/io/readers.ts": "45847ad404afd2f605eae1cff193f223462bc55eeb9ae313c2f3db28aada0fd6",
    "https://deno.land/std@0.152.0/media_types/_util.ts": "ce9b4fc4ba1c447dafab619055e20fd88236ca6bdd7834a21f98bd193c3fbfa1",
    "https://deno.land/std@0.152.0/media_types/mod.ts": "3829264ca0610cac40f3214f939d7733483523f82bc1041c51045d7c75fb93b8",
    "https://deno.land/std@0.152.0/media_types/vendor/mime-db.v1.52.0.ts": "724cee25fa40f1a52d3937d6b4fbbfdd7791ff55e1b7ac08d9319d5632c7f5af",
    "https://deno.land/std@0.152.0/path/_constants.ts": "df1db3ffa6dd6d1252cc9617e5d72165cd2483df90e93833e13580687b6083c3",
    "https://deno.land/std@0.152.0/path/_interface.ts": "ee3b431a336b80cf445441109d089b70d87d5e248f4f90ff906820889ecf8d09",
    "https://deno.land/std@0.152.0/path/_util.ts": "c1e9686d0164e29f7d880b2158971d805b6e0efc3110d0b3e24e4b8af2190d2b",
    "https://deno.land/std@0.152.0/path/common.ts": "bee563630abd2d97f99d83c96c2fa0cca7cee103e8cb4e7699ec4d5db7bd2633",
    "https://deno.land/std@0.152.0/path/glob.ts": "cb5255638de1048973c3e69e420c77dc04f75755524cb3b2e160fe9277d939ee",
    "https://deno.land/std@0.152.0/path/mod.ts": "56fec03ad0ebd61b6ab39ddb9b0ddb4c4a5c9f2f4f632e09dd37ec9ebfd722ac",
    "https://deno.land/std@0.152.0/path/posix.ts": "c1f7afe274290ea0b51da07ee205653b2964bd74909a82deb07b69a6cc383aaa",
    "https://deno.land/std@0.152.0/path/separator.ts": "fe1816cb765a8068afb3e8f13ad272351c85cbc739af56dacfc7d93d710fe0f9",
    "https://deno.land/std@0.152.0/path/win32.ts": "bd7549042e37879c68ff2f8576a25950abbfca1d696d41d82c7bca0b7e6f452c",
    "https://deno.land/std@0.152.0/streams/conversion.ts": "fc3db02026183da795fa32ac7549868e9f19c75ba029d4b4c3739af62b48517a",
    "https://deno.land/std@0.152.0/testing/_diff.ts": "029a00560b0d534bc0046f1bce4bd36b3b41ada3f2a3178c85686eb2ff5f1413",
    "https://deno.land/std@0.152.0/testing/_format.ts": "0d8dc79eab15b67cdc532826213bbe05bccfd276ca473a50a3fc7bbfb7260642",
    "https://deno.land/std@0.152.0/testing/asserts.ts": "093735c88f52bbead7f60a1f7a97a2ce4df3c2d5fab00a46956f20b4a5793ccd",
    "https://deno.land/x/comrak@0.1.1/mod.ts": "da459d87c9ae5a2e6b10ee9068d8361cdf376e4342733e8c7009409062f37a89",
    "https://deno.land/x/comrak@0.1.1/pkg/comrak_wasm.js": "41a1c08c28a0cb44698ee3877f24f347f914d3e476b390639c3c188fcef0ed2d",
    "https://deno.land/x/comrak@0.1.1/wasm.js": "8adc9bd849ed47cec36e3584f6bb0396cb44dbc73a912b9fdc5867344fcb8d1d",
    "https://deno.land/x/deno_doc@0.42.0/lib/deno_doc.generated.js": "0c94d8d4eb5c1a9b9bc26f741fe64c6c85a268e8ce0460eb33db53c08d2baa0d",
    "https://deno.land/x/deno_doc@0.42.0/mod.ts": "246f1157cc81a68c9db472c35040c95f5571b3af1232b90ddca390393bf34c9f",
    "https://deno.land/x/deno_graph@0.28.0/lib/loader.ts": "380e37e71d0649eb50176a9786795988fc3c47063a520a54b616d7727b0f8629",
    "https://deno.land/x/g_a@0.1.2/mod.ts": "6016891e4aa825a82e14782cf45be5705aa42f3ed5e8378200a6e0136239f572",
    "https://deno.land/x/lz4@v0.1.2/mod.ts": "4decfc1a3569d03fd1813bd39128b71c8f082850fe98ecfdde20025772916582",
    "https://deno.land/x/lz4@v0.1.2/wasm.js": "b9c65605327ba273f0c76a6dc596ec534d4cda0f0225d7a94ebc606782319e46",
    "https://deno.land/x/media_types@v2.12.3/db.ts": "92e5f1735fd5896382e2cc6e94518cb57608777e2ac61c5f7bc1874b50df6f4d",
    "https://deno.land/x/media_types@v2.12.3/mod.ts": "7fc30792c90fd4c85dcccef1e162b3fcd3c8a77cac75986c29a7f72fa32357d9",
    "https://deno.land/x/nano_jsx@v0.0.33/component.ts": "a9526ac725336e8721c05f7b35e07105ec6ed0fcf2e81ae97f0724cc33e61fae",
    "https://deno.land/x/nano_jsx@v0.0.33/components/helmet.ts": "59e598dc79c7b18620de175c61eb26f4aeb6905a6654cd63359208a26471541e",
    "https://deno.land/x/nano_jsx@v0.0.33/core.ts": "51db6604ae0e7abb0d61ed39eb74c2daa58da7ac05fbe1299659f5332e4ea3b0",
    "https://deno.land/x/nano_jsx@v0.0.33/fragment.ts": "9cfb0dcdcb02d5cc53f027b4b55609e4f9d6d9322b665292e572856f4b688569",
    "https://deno.land/x/nano_jsx@v0.0.33/helpers.ts": "d904aa646534f1c0cf7c05a6c8e02231f906d962acb725c964aedbcf50216d85",
    "https://deno.land/x/nano_jsx@v0.0.33/hooks/useState.ts": "e32de9e911196104c42a60c1ad7170daf225e3cd566d5d13a190cf43dbcc75cf",
    "https://deno.land/x/nano_jsx@v0.0.33/regexDom.ts": "de82fd3110c5a367e3d4ba9b774cfef3baf995deff455edc7363551d79089c90",
    "https://deno.land/x/nano_jsx@v0.0.33/ssr.ts": "8f77228a7ed13990deba0c1a69d7d3f2902c837b62d24f5b7a019f84c96ad234",
    "https://deno.land/x/nano_jsx@v0.0.33/state.ts": "cfc6ca6eb5e65f4cd60717a0a96ce604053bacf6e0b8835afbe22327e9979a1b",
    "https://deno.land/x/nano_jsx@v0.0.33/store.ts": "653e8c53d6ed4e410c76b1a7a044aa7cc71ff00fb3af9f3a94253591b5f4dcea",
    "https://deno.land/x/nano_jsx@v0.0.33/version.ts": "34a9b38ce9b7022432f5f4c387d89e9501252879d51291e4235904153b9f52bf",
    "https://deno.land/x/oak@v11.0.0/application.ts": "3a7f7a58387e31471a77801138f9b67eb75a96acbda4d5c42cb58f36e814dd7c",
    "https://deno.land/x/oak@v11.0.0/body.ts": "4e88a99a2a1023177c6dce30d4aad279166dffe3af8dbfc805492e83705ea8d4",
    "https://deno.land/x/oak@v11.0.0/buf_reader.ts": "7cf96aa0ac670b75098113cf88a291a68332cc45efa8a9698f064ac5b8098a0f",
    "https://deno.land/x/oak@v11.0.0/content_disposition.ts": "8b8c3cb2fba7138cd5b7f82fc3b5ea39b33db924a824b28261659db7e164621e",
    "https://deno.land/x/oak@v11.0.0/context.ts": "ee76dc8ea7e8e455c89ed75d36df8f2c2b7c1554b695b93b610d00fbe7cc3ab5",
    "https://deno.land/x/oak@v11.0.0/cookies.ts": "d9f94b99f26c6169c6982ce12323c41a548d001bfc28f464264c22dc3dbf2181",
    "https://deno.land/x/oak@v11.0.0/deps.ts": "b897b0f2bec99cd8b402b279b7f21de955d98cbd72835b6c912be5e11c26148b",
    "https://deno.land/x/oak@v11.0.0/etag.ts": "19918f5e1964e3fe6c9fe524a88ffbf9900ce1dfe4146b187b2a86256bb6b663",
    "https://deno.land/x/oak@v11.0.0/headers.ts": "f50fb05614432bda971021633129aa2e8737e0844e0f01c27a937997b4d8dd4f",
    "https://deno.land/x/oak@v11.0.0/helpers.ts": "42212afa07a560b2958359cc19577417e89d9574d6579551a0af36ff7f00cc6e",
    "https://deno.land/x/oak@v11.0.0/http_request.ts": "0831c828816fcb58a5aa8361c6865c4151f4c8b59fabcef2e2cd235bb28170c5",
    "https://deno.land/x/oak@v11.0.0/http_server_flash.ts": "e2f422d5bc59647490a8cffe32a6cc64b147bbedb6410a88488983ea988e3921",
    "https://deno.land/x/oak@v11.0.0/http_server_native.ts": "549dffcd2db5cbb0e44ad50cf9c54956b42a10450b1ac66e1362e32a073c8c1b",
    "https://deno.land/x/oak@v11.0.0/http_server_native_request.ts": "07910ea2ed51af6c4e69addf9015cdd8d2b5c9ee03fd4993e386834a129a9eb6",
    "https://deno.land/x/oak@v11.0.0/isMediaType.ts": "62d638abcf837ece3a8f07a4b7ca59794135cb0d4b73194c7d5837efd4161005",
    "https://deno.land/x/oak@v11.0.0/keyStack.ts": "fa0d5898fb8ba34de1c9cdcf4b2e8434952dc9931671858d33560368784a22ef",
    "https://deno.land/x/oak@v11.0.0/mediaTyper.ts": "042b853fc8e9c3f6c628dd389e03ef481552bf07242efc3f8a1af042102a6105",
    "https://deno.land/x/oak@v11.0.0/middleware.ts": "de14f045a2ddfe845d89b5d3140ff52cbcc6f3b3965391106ce04480f9786737",
    "https://deno.land/x/oak@v11.0.0/middleware/proxy.ts": "b927232f97ec18af4185d7912e45b1191e3ffe24a9c875262ad524211b1274c9",
    "https://deno.land/x/oak@v11.0.0/mod.ts": "de52855c8f626e30ba683fb265c0a0773ba2f5f117b3549b7d9c857edba58338",
    "https://deno.land/x/oak@v11.0.0/multipart.ts": "98fe9f226de8c26a16d067027b69fb1e34ad8c4055767dd157907d06cea36f9a",
    "https://deno.land/x/oak@v11.0.0/range.ts": "68a6df7ab3b868843e33f52deb94c3d4cab25cb9ef369691990c2ac15b04fafb",
    "https://deno.land/x/oak@v11.0.0/request.ts": "19de7d1cf90edd85e64c1bfd91f9c018e2597d552716f68bffbd37ad4393ac69",
    "https://deno.land/x/oak@v11.0.0/response.ts": "92d75899ea00f7ac401b36d584723472973eeaff50347b619af5b810b22fcf95",
    "https://deno.land/x/oak@v11.0.0/router.ts": "518a8ef00d9969b6488bc424ca352fb8d4c8196753467aa8d23ab8ca7885365c",
    "https://deno.land/x/oak@v11.0.0/send.ts": "7ef2591792426d62add91536bb434566d4b224247ca343fdd63e486f9d4e9446",
    "https://deno.land/x/oak@v11.0.0/server_sent_event.ts": "948b0fe4cb3fe38c7db15e476eb3b7671ef20e566d130e9f701d7c0146aa47dd",
    "https://deno.land/x/oak@v11.0.0/structured_clone.ts": "ecf42598652b8082f37252cb873d6e257ad728e6fe73c6bd61f343d94501fbde",
    "https://deno.land/x/oak@v11.0.0/testing.ts": "7612656efd2975f7a2e6848609f5971922dbec46b76372c5c623202fdd7b9a85",
    "https://deno.land/x/oak@v11.0.0/util.ts": "3af8c4ed04c6cc2bedbe66e562a77fc59c72df31c55a902a63885861ca1639d6",
    "https://deno.land/x/path_to_regexp@v6.2.1/index.ts": "894060567837bae8fc9c5cbd4d0a05e9024672083d5883b525c031eea940e556",
    "https://deno.land/x/resvg_wasm@0.1.0/lib/resvg.generated.js": "466e8eeae6f30f1a17a7a3630477d3f24c150aeac058d71c0145ec15767581d2",
    "https://deno.land/x/resvg_wasm@0.1.0/mod.ts": "16173933d37d400401ed2889b2ff8d6113e7e32e9e3e446f280894e8e87ffc6a",
    "https://esm.sh/hast-util-to-html@8.0.3?pin=v91": "ebcc72fdb2cc6a2bc816a9ae80098fcd6dba2a9830158cdff54850f2798ddd36",
    "https://esm.sh/html-entities@2.3.2?pin=v91": "1432d6abb70890ade79ac5f0d53992cffc9f9e6ce031a9b777a625ed8243693a",
    "https://esm.sh/jsonc-parser@3.1.0?pin=v91": "18b19de4bbee177334a830bcab0f1dcb961d85ef9e77726178744e6f06b1f8a6",
    "https://esm.sh/lowlight@2.4.1?pin=v91": "8e96ab001f7408f3012593f0955c54902f677dbf260974ed25c8cf798e81fe77",
    "https://esm.sh/remove-markdown@v0.3.0?pin=v91": "c901f17614f3a9167207fdface7afb0fe33ac26b5b9ad07fa9886acaa73eabe2",
    "https://esm.sh/twind@0.16.16/colors?pin=v91": "0f6418e00304a9280a3e3d53ff644c9a844fd4b766bb0e9fb23f6f33fb2b89f1",
    "https://esm.sh/twind@0.16.16/css?pin=v91": "48e01d4a8f726b5b1d3e41d847f28c73faaa6eed666826e11a37ae2db2a0bca9",
    "https://esm.sh/twind@0.16.16/sheets?pin=v91": "804be2ee89c4778a9e930b28f57bf7b37639c9f836f7a8da4eb743f2e4ebc3ec",
    "https://esm.sh/twind@0.16.16?pin=v91": "bcdde6446a890977fa6eabdbe5641167838fb8d53a8cc54b7a3ecddf1c3b7061",
    "https://esm.sh/v91/ccount@2.0.1/denonext/ccount.mjs": "7b32092651a866fcc992c028982ce5e911356da7653baa3febb1a8ccb93e30f8",
    "https://esm.sh/v91/character-entities-html4@2.1.0/denonext/character-entities-html4.mjs": "0b4e64d1b0152acbeec6d854eadce6ceb2de05b0f459ad47485afa206f745f10",
    "https://esm.sh/v91/character-entities-legacy@3.0.0/denonext/character-entities-legacy.mjs": "5da76ada1554e4956dc6b702ba92b56a3faf158b24bf45279c522e85f5d9cd21",
    "https://esm.sh/v91/comma-separated-tokens@2.0.3/denonext/comma-separated-tokens.mjs": "ad5df8a36487e0a63d15bbbb6bab8b153e08583d0d5eb6d0058cd0fc619252e0",
    "https://esm.sh/v91/fault@2.0.1/denonext/fault.mjs": "5a7062b9ddda031c50b2d5a3881d337dd9dd923fd323c0dd4325b87c09c1d706",
    "https://esm.sh/v91/format@0.2.2/denonext/format.mjs": "4b5f307e1a0dab630893e8f5c91c4b38541d29b640ba6977adfecb2a22d3647d",
    "https://esm.sh/v91/hast-util-is-element@2.1.3/denonext/hast-util-is-element.mjs": "c1c57613a9ccf9f53e518ac56bd5c66f48bd2e9881b1bc6c6b83193f7e93115c",
    "https://esm.sh/v91/hast-util-to-html@8.0.3/denonext/hast-util-to-html.mjs": "06c4389166e6a34cf79937d29d22ecc4221d57a92d2842c378770622044ce4f2",
    "https://esm.sh/v91/hast-util-whitespace@2.0.1/denonext/hast-util-whitespace.mjs": "0d45cf1a1b1d7ba26d5a3f2fda8c929b02ef701786e656ade327d8c3f7b390bb",
    "https://esm.sh/v91/highlight.js@11.3.1/denonext/lib/core.js": "f6ebbcf8987bddd977a74a780514943b48d39c3f32feaa44f3789667d871fecc",
    "https://esm.sh/v91/highlight.js@11.3.1/denonext/lib/languages/arduino.js": "6aa1871417740b43d30500a4f1d216ea9989c1e72fb59fa35a7b28a044c16f34",
    "https://esm.sh/v91/highlight.js@11.3.1/denonext/lib/languages/bash.js": "a8e2718dde7d0b0d017765b6625f3cef3a551b72b6e938de66cf64ad41c0e5b6",
    "https://esm.sh/v91/highlight.js@11.3.1/denonext/lib/languages/c.js": "d9239c37bc593457713eb0e6e6cfea68dabb79667503c97c8887382dd78ecf5f",
    "https://esm.sh/v91/highlight.js@11.3.1/denonext/lib/languages/cpp.js": "c1d61918f7367cae59bdc4a6ff365505609db4041db0d5f6761beeab338dc4ef",
    "https://esm.sh/v91/highlight.js@11.3.1/denonext/lib/languages/csharp.js": "e0824005fe83ac75c8fdefd0e22f1d57940435ea286de911e2b1f95e98b1d86f",
    "https://esm.sh/v91/highlight.js@11.3.1/denonext/lib/languages/css.js": "fcba73f5b15d26cdc5b5614654bd1310bcbbe191d595cd9cf5308e9be75d3e13",
    "https://esm.sh/v91/highlight.js@11.3.1/denonext/lib/languages/diff.js": "5524083776b033d90035773eb7b20f13fa596cb3c3ed71c03b92695f47f300ac",
    "https://esm.sh/v91/highlight.js@11.3.1/denonext/lib/languages/go.js": "2816a9e824786d4a0d68f2642c18f02ae0ae68ff25e914ac54ffa5d77f62504c",
    "https://esm.sh/v91/highlight.js@11.3.1/denonext/lib/languages/ini.js": "e41a67555cf0b1f618ae7ced095b4e2453a4f056a539e9a18c9ed1c7fc994617",
    "https://esm.sh/v91/highlight.js@11.3.1/denonext/lib/languages/java.js": "b301404cc1a18660a464bca73d686a8e3319eb76ca5d2b62f98c8377c21f56cb",
    "https://esm.sh/v91/highlight.js@11.3.1/denonext/lib/languages/javascript.js": "cc359184ff19ee0b974b046cc58b21dc47e117ef23fb3855c6bc2b4e716a10d0",
    "https://esm.sh/v91/highlight.js@11.3.1/denonext/lib/languages/json.js": "f680496e84ecf7b857c3cac50a7041bfc6a6b5f5fe55e0444d0e0c99d5c9f185",
    "https://esm.sh/v91/highlight.js@11.3.1/denonext/lib/languages/kotlin.js": "d34eccb08685f46ac6567f1474afb7398249bfde6e14c66cdd3ad6b91e3db6a9",
    "https://esm.sh/v91/highlight.js@11.3.1/denonext/lib/languages/less.js": "9d182d97a05e96d1f8c46f6ed9ab62c6ac82ed1f09ec92b861aeea15900ca9d2",
    "https://esm.sh/v91/highlight.js@11.3.1/denonext/lib/languages/lua.js": "0c62448859dbf4e50ea167c7333634c27b28892078d867c39733bb28c924affd",
    "https://esm.sh/v91/highlight.js@11.3.1/denonext/lib/languages/makefile.js": "ef9659a5506038f1270412703613ce4992548e539871aea62fa67c51114d5e7c",
    "https://esm.sh/v91/highlight.js@11.3.1/denonext/lib/languages/markdown.js": "83abead8679deea8be2a6481e693c420bd949054961a093cff8408dd665b3d24",
    "https://esm.sh/v91/highlight.js@11.3.1/denonext/lib/languages/objectivec.js": "b5bedfaba78e85f2c39af709c323fea707eacffb18819ba69a79fc45a10c5659",
    "https://esm.sh/v91/highlight.js@11.3.1/denonext/lib/languages/perl.js": "9b35b71e0aa4dafd524ca3a4bbeeaa519fdeb5d7c87788750f1496e2f22a12da",
    "https://esm.sh/v91/highlight.js@11.3.1/denonext/lib/languages/php-template.js": "2c6c7199a6b410cd0b9dd97e6bfceb1c2260c165d448bc08b42e245092b95c0a",
    "https://esm.sh/v91/highlight.js@11.3.1/denonext/lib/languages/php.js": "5d83dac6d18a9b9a3f37a427fedfc8f25dcbf0d3dec83ad348d2c3d629a46443",
    "https://esm.sh/v91/highlight.js@11.3.1/denonext/lib/languages/plaintext.js": "30261ce2e75ed41d640a7a14fb346a32f671ba01603fb39bcfcbe92f9dc7881f",
    "https://esm.sh/v91/highlight.js@11.3.1/denonext/lib/languages/python-repl.js": "a5e494e7b8179a7471ba319b234539c98f5796d06bcd4f3946a75a7d69586850",
    "https://esm.sh/v91/highlight.js@11.3.1/denonext/lib/languages/python.js": "fea956f01fbd95b34d97c6a7accb2bc65d102d0055e7e4d1a67b75be501ea12e",
    "https://esm.sh/v91/highlight.js@11.3.1/denonext/lib/languages/r.js": "c82c8f37650149f62038bea1f7bd6fd83d6e2bbaee6ca4c6e3b383d8c55e94a7",
    "https://esm.sh/v91/highlight.js@11.3.1/denonext/lib/languages/ruby.js": "6e80ffec005f2b6c0a64e2cf9c046429066ad836842b0e69ab52d02e24308510",
    "https://esm.sh/v91/highlight.js@11.3.1/denonext/lib/languages/rust.js": "6a65ee5d258ffd2bc66c30e8d0bb4b37ab7bdc91acc9f95e8b80ce03894f8cdc",
    "https://esm.sh/v91/highlight.js@11.3.1/denonext/lib/languages/scss.js": "d2cd196408d53ee4d677d8dab4b038648294ecd8b59ddc26eb56a8706535eab2",
    "https://esm.sh/v91/highlight.js@11.3.1/denonext/lib/languages/shell.js": "8a63513908f6e4f6a47894a9123be0bd6852381b6683c40870e89d5c24e324fa",
    "https://esm.sh/v91/highlight.js@11.3.1/denonext/lib/languages/sql.js": "aed20032e7ea7c1c741692c83c44cdaab6a9d0f56697d1c764849d8733b38e11",
    "https://esm.sh/v91/highlight.js@11.3.1/denonext/lib/languages/swift.js": "20cd7da89e6a5f0ff1674463052cc97c476ef3d4d9ac82589fd29307b2c1883c",
    "https://esm.sh/v91/highlight.js@11.3.1/denonext/lib/languages/typescript.js": "30d8fbe173112933f7b92950d78882c60a1f97622c34dca93cfed6a1bf72c7de",
    "https://esm.sh/v91/highlight.js@11.3.1/denonext/lib/languages/vbnet.js": "4cc767f0e86116d1eddd95b784a941ab2246b706ebbdfcc3594598879450ab8f",
    "https://esm.sh/v91/highlight.js@11.3.1/denonext/lib/languages/xml.js": "c52d02e4a15efeb31cfa4741aa800b148b345a9529bed70579f63f9da260be7f",
    "https://esm.sh/v91/highlight.js@11.3.1/denonext/lib/languages/yaml.js": "1e758acb8c3b8c9d1d4f479e541af2753db85967728d9629d0ddbdd8a3e8da83",
    "https://esm.sh/v91/html-entities@2.3.2/denonext/html-entities.mjs": "5f7e1caaf0ef5bb76b2ddc62b12030a851e26c6fb44685420b9c536dd1f372b7",
    "https://esm.sh/v91/html-void-elements@2.0.1/denonext/html-void-elements.mjs": "10f57d4f9d680bf2de32538d6aaf879f20d4ee02dd57879aa232319d6c984f54",
    "https://esm.sh/v91/jsonc-parser@3.1.0/denonext/jsonc-parser.mjs": "df6d0fa4e2e9a39dc77cfadf5a3f080eb3887fb1cf8172bffc679156b8a54caf",
    "https://esm.sh/v91/lowlight@2.4.1/denonext/lowlight.mjs": "b79ba86bfb896495bc5974156c5da304e1ca03e237aa0ea156e5dd89e8491807",
    "https://esm.sh/v91/property-information@6.2.0/denonext/property-information.mjs": "c36042799161605d2ba2af318abf697a41e77e7ef5c80f5740de470db7776b9c",
    "https://esm.sh/v91/remove-markdown@0.3.0/denonext/remove-markdown.mjs": "4096b66b88c5dec228eea8ce18f051f2dcd9e9efc6a623bb919f8adff0a18e84",
    "https://esm.sh/v91/space-separated-tokens@2.0.2/denonext/space-separated-tokens.mjs": "f30773a9959cacfe7511c250e5d125a9f88ee00d3aef6e87b4d17fe49806b276",
    "https://esm.sh/v91/stringify-entities@4.0.3/denonext/stringify-entities.mjs": "fb84957bbb43814455ba474d53c53c353e1d14fba99372c455adb743320315c9",
    "https://esm.sh/v91/style-vendorizer@2.2.3/denonext/style-vendorizer.mjs": "121455e7b04b631ef6463ce63cdcd29febd74d88c37713c774ceca8a1561c83d",
    "https://esm.sh/v91/twind@0.16.16/denonext/colors.js": "06bfff4da409e0ef89edadb94ca3a624fcf99d781f323f9a9d18e175362dbb1c",
    "https://esm.sh/v91/twind@0.16.16/denonext/css.js": "e9770f4ac9f0aa14753d7a095492492bf3a0845f7513c8a20f3a522ec78577b0",
    "https://esm.sh/v91/twind@0.16.16/denonext/sheets.js": "aff2004484fdf713c8d39492ce89ffd0d8f1fabf48fdb44e19d78948fecfa9aa",
    "https://esm.sh/v91/twind@0.16.16/denonext/twind.mjs": "caa3529f21ef96578ab63765f2dbac874ef680074c991ea773bcc4e59d3507d6",
    "https://esm.sh/v91/unist-util-is@5.2.1/denonext/unist-util-is.mjs": "771abea65db57c71e2a3d98200242c362337617e63881fc9954e891dde32277c"
  }
}
